// !$*UTF8*$!
{
	archiveVersion = 1;
	classes = {
	};
	objectVersion = 46;
	objects = {

/* Begin PBXBuildFile section */
		81208C0D1D74345E00C4DF2B /* ADDetailViewController.m in Sources */ = {isa = PBXBuildFile; fileRef = 81208C0C1D74345E00C4DF2B /* ADDetailViewController.m */; };
		81208C101D744F7800C4DF2B /* SplashScreenDataManager.m in Sources */ = {isa = PBXBuildFile; fileRef = 81208C0F1D744F7800C4DF2B /* SplashScreenDataManager.m */; };
		813AA8501D5971F700A66049 /* HomeViewController.m in Sources */ = {isa = PBXBuildFile; fileRef = 813AA84F1D5971F700A66049 /* HomeViewController.m */; };
		813AA8531D59720B00A66049 /* SecondViewController.m in Sources */ = {isa = PBXBuildFile; fileRef = 813AA8521D59720B00A66049 /* SecondViewController.m */; };
		813AA8561D59721D00A66049 /* ThirdViewController.m in Sources */ = {isa = PBXBuildFile; fileRef = 813AA8551D59721D00A66049 /* ThirdViewController.m */; };
		813AA85C1D59801800A66049 /* SplashScreenView.m in Sources */ = {isa = PBXBuildFile; fileRef = 813AA85B1D59801800A66049 /* SplashScreenView.m */; };
		81707BB01D58A42C00386ECC /* main.m in Sources */ = {isa = PBXBuildFile; fileRef = 81707BAF1D58A42C00386ECC /* main.m */; };
		81707BB31D58A42C00386ECC /* AppDelegate.m in Sources */ = {isa = PBXBuildFile; fileRef = 81707BB21D58A42C00386ECC /* AppDelegate.m */; };
		81707BB91D58A42C00386ECC /* Main.storyboard in Resources */ = {isa = PBXBuildFile; fileRef = 81707BB71D58A42C00386ECC /* Main.storyboard */; };
		81707BBB1D58A42C00386ECC /* Assets.xcassets in Resources */ = {isa = PBXBuildFile; fileRef = 81707BBA1D58A42C00386ECC /* Assets.xcassets */; };
		81707BBE1D58A42C00386ECC /* LaunchScreen.storyboard in Resources */ = {isa = PBXBuildFile; fileRef = 81707BBC1D58A42C00386ECC /* LaunchScreen.storyboard */; };
		81707BC91D58A42C00386ECC /* _________Tests.m in Sources */ = {isa = PBXBuildFile; fileRef = 81707BC81D58A42C00386ECC /* _________Tests.m */; };
		81707BD41D58A42C00386ECC /* _________UITests.m in Sources */ = {isa = PBXBuildFile; fileRef = 81707BD31D58A42C00386ECC /* _________UITests.m */; };
		81707BEB1D58A73200386ECC /* Images.xcassets in Resources */ = {isa = PBXBuildFile; fileRef = 81707BEA1D58A73200386ECC /* Images.xcassets */; };
		81707BF01D58A83E00386ECC /* LaunchImage-568h@2x.png in Resources */ = {isa = PBXBuildFile; fileRef = 81707BEC1D58A83E00386ECC /* LaunchImage-568h@2x.png */; };
		81707BF11D58A83E00386ECC /* LaunchImage-700@2x.png in Resources */ = {isa = PBXBuildFile; fileRef = 81707BED1D58A83E00386ECC /* LaunchImage-700@2x.png */; };
		81707BF21D58A83E00386ECC /* LaunchImage-800-667h@2x.png in Resources */ = {isa = PBXBuildFile; fileRef = 81707BEE1D58A83E00386ECC /* LaunchImage-800-667h@2x.png */; };
		81707BF31D58A83E00386ECC /* LaunchImage-800-Portrait-736h@3x.png in Resources */ = {isa = PBXBuildFile; fileRef = 81707BEF1D58A83E00386ECC /* LaunchImage-800-Portrait-736h@3x.png */; };
/* End PBXBuildFile section */

/* Begin PBXContainerItemProxy section */
		81707BC51D58A42C00386ECC /* PBXContainerItemProxy */ = {
			isa = PBXContainerItemProxy;
			containerPortal = 81707BA31D58A42C00386ECC /* Project object */;
			proxyType = 1;
			remoteGlobalIDString = 81707BAA1D58A42C00386ECC;
			remoteInfo = "启动屏加启动广告页";
		};
		81707BD01D58A42C00386ECC /* PBXContainerItemProxy */ = {
			isa = PBXContainerItemProxy;
			containerPortal = 81707BA31D58A42C00386ECC /* Project object */;
			proxyType = 1;
			remoteGlobalIDString = 81707BAA1D58A42C00386ECC;
			remoteInfo = "启动屏加启动广告页";
		};
/* End PBXContainerItemProxy section */

/* Begin PBXFileReference section */
		81208C0B1D74345E00C4DF2B /* ADDetailViewController.h */ = {isa = PBXFileReference; fileEncoding = 4; lastKnownFileType = sourcecode.c.h; path = ADDetailViewController.h; sourceTree = "<group>"; };
		81208C0C1D74345E00C4DF2B /* ADDetailViewController.m */ = {isa = PBXFileReference; fileEncoding = 4; lastKnownFileType = sourcecode.c.objc; path = ADDetailViewController.m; sourceTree = "<group>"; };
		81208C0E1D744F7800C4DF2B /* SplashScreenDataManager.h */ = {isa = PBXFileReference; fileEncoding = 4; lastKnownFileType = sourcecode.c.h; path = SplashScreenDataManager.h; sourceTree = "<group>"; };
		81208C0F1D744F7800C4DF2B /* SplashScreenDataManager.m */ = {isa = PBXFileReference; fileEncoding = 4; lastKnownFileType = sourcecode.c.objc; path = SplashScreenDataManager.m; sourceTree = "<group>"; };
		813AA84E1D5971F700A66049 /* HomeViewController.h */ = {isa = PBXFileReference; fileEncoding = 4; lastKnownFileType = sourcecode.c.h; path = HomeViewController.h; sourceTree = "<group>"; };
		813AA84F1D5971F700A66049 /* HomeViewController.m */ = {isa = PBXFileReference; fileEncoding = 4; lastKnownFileType = sourcecode.c.objc; path = HomeViewController.m; sourceTree = "<group>"; };
		813AA8511D59720B00A66049 /* SecondViewController.h */ = {isa = PBXFileReference; fileEncoding = 4; lastKnownFileType = sourcecode.c.h; path = SecondViewController.h; sourceTree = "<group>"; };
		813AA8521D59720B00A66049 /* SecondViewController.m */ = {isa = PBXFileReference; fileEncoding = 4; lastKnownFileType = sourcecode.c.objc; path = SecondViewController.m; sourceTree = "<group>"; };
		813AA8541D59721D00A66049 /* ThirdViewController.h */ = {isa = PBXFileReference; fileEncoding = 4; lastKnownFileType = sourcecode.c.h; path = ThirdViewController.h; sourceTree = "<group>"; };
		813AA8551D59721D00A66049 /* ThirdViewController.m */ = {isa = PBXFileReference; fileEncoding = 4; lastKnownFileType = sourcecode.c.objc; path = ThirdViewController.m; sourceTree = "<group>"; };
		813AA85A1D59801800A66049 /* SplashScreenView.h */ = {isa = PBXFileReference; fileEncoding = 4; lastKnownFileType = sourcecode.c.h; path = SplashScreenView.h; sourceTree = "<group>"; };
		813AA85B1D59801800A66049 /* SplashScreenView.m */ = {isa = PBXFileReference; fileEncoding = 4; lastKnownFileType = sourcecode.c.objc; path = SplashScreenView.m; sourceTree = "<group>"; };
		81707BAB1D58A42C00386ECC /* 启动屏加启动广告页.app */ = {isa = PBXFileReference; explicitFileType = wrapper.application; includeInIndex = 0; path = "启动屏加启动广告页.app"; sourceTree = BUILT_PRODUCTS_DIR; };
		81707BAF1D58A42C00386ECC /* main.m */ = {isa = PBXFileReference; lastKnownFileType = sourcecode.c.objc; path = main.m; sourceTree = "<group>"; };
		81707BB11D58A42C00386ECC /* AppDelegate.h */ = {isa = PBXFileReference; lastKnownFileType = sourcecode.c.h; path = AppDelegate.h; sourceTree = "<group>"; };
		81707BB21D58A42C00386ECC /* AppDelegate.m */ = {isa = PBXFileReference; lastKnownFileType = sourcecode.c.objc; path = AppDelegate.m; sourceTree = "<group>"; };
		81707BB81D58A42C00386ECC /* Base */ = {isa = PBXFileReference; lastKnownFileType = file.storyboard; name = Base; path = Base.lproj/Main.storyboard; sourceTree = "<group>"; };
		81707BBA1D58A42C00386ECC /* Assets.xcassets */ = {isa = PBXFileReference; lastKnownFileType = folder.assetcatalog; path = Assets.xcassets; sourceTree = "<group>"; };
		81707BBD1D58A42C00386ECC /* Base */ = {isa = PBXFileReference; lastKnownFileType = file.storyboard; name = Base; path = Base.lproj/LaunchScreen.storyboard; sourceTree = "<group>"; };
		81707BBF1D58A42C00386ECC /* Info.plist */ = {isa = PBXFileReference; lastKnownFileType = text.plist.xml; path = Info.plist; sourceTree = "<group>"; };
		81707BC41D58A42C00386ECC /* 启动屏加启动广告页Tests.xctest */ = {isa = PBXFileReference; explicitFileType = wrapper.cfbundle; includeInIndex = 0; path = "启动屏加启动广告页Tests.xctest"; sourceTree = BUILT_PRODUCTS_DIR; };
		81707BC81D58A42C00386ECC /* _________Tests.m */ = {isa = PBXFileReference; lastKnownFileType = sourcecode.c.objc; path = "_________Tests.m"; sourceTree = "<group>"; };
		81707BCA1D58A42C00386ECC /* Info.plist */ = {isa = PBXFileReference; lastKnownFileType = text.plist.xml; path = Info.plist; sourceTree = "<group>"; };
		81707BCF1D58A42C00386ECC /* 启动屏加启动广告页UITests.xctest */ = {isa = PBXFileReference; explicitFileType = wrapper.cfbundle; includeInIndex = 0; path = "启动屏加启动广告页UITests.xctest"; sourceTree = BUILT_PRODUCTS_DIR; };
		81707BD31D58A42C00386ECC /* _________UITests.m */ = {isa = PBXFileReference; lastKnownFileType = sourcecode.c.objc; path = "_________UITests.m"; sourceTree = "<group>"; };
		81707BD51D58A42C00386ECC /* Info.plist */ = {isa = PBXFileReference; lastKnownFileType = text.plist.xml; path = Info.plist; sourceTree = "<group>"; };
		81707BEA1D58A73200386ECC /* Images.xcassets */ = {isa = PBXFileReference; lastKnownFileType = folder.assetcatalog; path = Images.xcassets; sourceTree = "<group>"; };
		81707BEC1D58A83E00386ECC /* LaunchImage-568h@2x.png */ = {isa = PBXFileReference; lastKnownFileType = image.png; path = "LaunchImage-568h@2x.png"; sourceTree = "<group>"; };
		81707BED1D58A83E00386ECC /* LaunchImage-700@2x.png */ = {isa = PBXFileReference; lastKnownFileType = image.png; path = "LaunchImage-700@2x.png"; sourceTree = "<group>"; };
		81707BEE1D58A83E00386ECC /* LaunchImage-800-667h@2x.png */ = {isa = PBXFileReference; lastKnownFileType = image.png; path = "LaunchImage-800-667h@2x.png"; sourceTree = "<group>"; };
		81707BEF1D58A83E00386ECC /* LaunchImage-800-Portrait-736h@3x.png */ = {isa = PBXFileReference; lastKnownFileType = image.png; path = "LaunchImage-800-Portrait-736h@3x.png"; sourceTree = "<group>"; };
/* End PBXFileReference section */

/* Begin PBXFrameworksBuildPhase section */
		81707BA81D58A42C00386ECC /* Frameworks */ = {
			isa = PBXFrameworksBuildPhase;
			buildActionMask = 2147483647;
			files = (
			);
			runOnlyForDeploymentPostprocessing = 0;
		};
		81707BC11D58A42C00386ECC /* Frameworks */ = {
			isa = PBXFrameworksBuildPhase;
			buildActionMask = 2147483647;
			files = (
			);
			runOnlyForDeploymentPostprocessing = 0;
		};
		81707BCC1D58A42C00386ECC /* Frameworks */ = {
			isa = PBXFrameworksBuildPhase;
			buildActionMask = 2147483647;
			files = (
			);
			runOnlyForDeploymentPostprocessing = 0;
		};
/* End PBXFrameworksBuildPhase section */

/* Begin PBXGroup section */
		81707BA21D58A42C00386ECC = {
			isa = PBXGroup;
			children = (
				81707BAD1D58A42C00386ECC /* 启动屏加启动广告页 */,
				81707BC71D58A42C00386ECC /* 启动屏加启动广告页Tests */,
				81707BD21D58A42C00386ECC /* 启动屏加启动广告页UITests */,
				81707BAC1D58A42C00386ECC /* Products */,
			);
			sourceTree = "<group>";
		};
		81707BAC1D58A42C00386ECC /* Products */ = {
			isa = PBXGroup;
			children = (
				81707BAB1D58A42C00386ECC /* 启动屏加启动广告页.app */,
				81707BC41D58A42C00386ECC /* 启动屏加启动广告页Tests.xctest */,
				81707BCF1D58A42C00386ECC /* 启动屏加启动广告页UITests.xctest */,
			);
			name = Products;
			sourceTree = "<group>";
		};
		81707BAD1D58A42C00386ECC /* 启动屏加启动广告页 */ = {
			isa = PBXGroup;
			children = (
				81707BE11D58A70600386ECC /* LaunchImage */,
				81707BB11D58A42C00386ECC /* AppDelegate.h */,
				81707BB21D58A42C00386ECC /* AppDelegate.m */,
				813AA84E1D5971F700A66049 /* HomeViewController.h */,
				813AA84F1D5971F700A66049 /* HomeViewController.m */,
				813AA8511D59720B00A66049 /* SecondViewController.h */,
				813AA8521D59720B00A66049 /* SecondViewController.m */,
				813AA8541D59721D00A66049 /* ThirdViewController.h */,
				813AA8551D59721D00A66049 /* ThirdViewController.m */,
				813AA85A1D59801800A66049 /* SplashScreenView.h */,
				813AA85B1D59801800A66049 /* SplashScreenView.m */,
				81208C0E1D744F7800C4DF2B /* SplashScreenDataManager.h */,
				81208C0F1D744F7800C4DF2B /* SplashScreenDataManager.m */,
				81208C0B1D74345E00C4DF2B /* ADDetailViewController.h */,
				81208C0C1D74345E00C4DF2B /* ADDetailViewController.m */,
				81707BB71D58A42C00386ECC /* Main.storyboard */,
				81707BBA1D58A42C00386ECC /* Assets.xcassets */,
				81707BBC1D58A42C00386ECC /* LaunchScreen.storyboard */,
				81707BBF1D58A42C00386ECC /* Info.plist */,
				81707BEA1D58A73200386ECC /* Images.xcassets */,
				81707BAE1D58A42C00386ECC /* Supporting Files */,
			);
			path = "启动屏加启动广告页";
			sourceTree = "<group>";
		};
		81707BAE1D58A42C00386ECC /* Supporting Files */ = {
			isa = PBXGroup;
			children = (
				81707BAF1D58A42C00386ECC /* main.m */,
			);
			name = "Supporting Files";
			sourceTree = "<group>";
		};
		81707BC71D58A42C00386ECC /* 启动屏加启动广告页Tests */ = {
			isa = PBXGroup;
			children = (
				81707BC81D58A42C00386ECC /* _________Tests.m */,
				81707BCA1D58A42C00386ECC /* Info.plist */,
			);
			path = "启动屏加启动广告页Tests";
			sourceTree = "<group>";
		};
		81707BD21D58A42C00386ECC /* 启动屏加启动广告页UITests */ = {
			isa = PBXGroup;
			children = (
				81707BD31D58A42C00386ECC /* _________UITests.m */,
				81707BD51D58A42C00386ECC /* Info.plist */,
			);
			path = "启动屏加启动广告页UITests";
			sourceTree = "<group>";
		};
		81707BE11D58A70600386ECC /* LaunchImage */ = {
			isa = PBXGroup;
			children = (
				81707BEC1D58A83E00386ECC /* LaunchImage-568h@2x.png */,
				81707BED1D58A83E00386ECC /* LaunchImage-700@2x.png */,
				81707BEE1D58A83E00386ECC /* LaunchImage-800-667h@2x.png */,
				81707BEF1D58A83E00386ECC /* LaunchImage-800-Portrait-736h@3x.png */,
			);
			path = LaunchImage;
			sourceTree = "<group>";
		};
/* End PBXGroup section */

/* Begin PBXNativeTarget section */
		81707BAA1D58A42C00386ECC /* 启动屏加启动广告页 */ = {
			isa = PBXNativeTarget;
			buildConfigurationList = 81707BD81D58A42C00386ECC /* Build configuration list for PBXNativeTarget "启动屏加启动广告页" */;
			buildPhases = (
				81707BA71D58A42C00386ECC /* Sources */,
				81707BA81D58A42C00386ECC /* Frameworks */,
				81707BA91D58A42C00386ECC /* Resources */,
			);
			buildRules = (
			);
			dependencies = (
			);
			name = "启动屏加启动广告页";
			productName = "启动屏加启动广告页";
			productReference = 81707BAB1D58A42C00386ECC /* 启动屏加启动广告页.app */;
			productType = "com.apple.product-type.application";
		};
		81707BC31D58A42C00386ECC /* 启动屏加启动广告页Tests */ = {
			isa = PBXNativeTarget;
			buildConfigurationList = 81707BDB1D58A42C00386ECC /* Build configuration list for PBXNativeTarget "启动屏加启动广告页Tests" */;
			buildPhases = (
				81707BC01D58A42C00386ECC /* Sources */,
				81707BC11D58A42C00386ECC /* Frameworks */,
				81707BC21D58A42C00386ECC /* Resources */,
			);
			buildRules = (
			);
			dependencies = (
				81707BC61D58A42C00386ECC /* PBXTargetDependency */,
			);
			name = "启动屏加启动广告页Tests";
			productName = "启动屏加启动广告页Tests";
			productReference = 81707BC41D58A42C00386ECC /* 启动屏加启动广告页Tests.xctest */;
			productType = "com.apple.product-type.bundle.unit-test";
		};
		81707BCE1D58A42C00386ECC /* 启动屏加启动广告页UITests */ = {
			isa = PBXNativeTarget;
			buildConfigurationList = 81707BDE1D58A42C00386ECC /* Build configuration list for PBXNativeTarget "启动屏加启动广告页UITests" */;
			buildPhases = (
				81707BCB1D58A42C00386ECC /* Sources */,
				81707BCC1D58A42C00386ECC /* Frameworks */,
				81707BCD1D58A42C00386ECC /* Resources */,
			);
			buildRules = (
			);
			dependencies = (
				81707BD11D58A42C00386ECC /* PBXTargetDependency */,
			);
			name = "启动屏加启动广告页UITests";
			productName = "启动屏加启动广告页UITests";
			productReference = 81707BCF1D58A42C00386ECC /* 启动屏加启动广告页UITests.xctest */;
			productType = "com.apple.product-type.bundle.ui-testing";
		};
/* End PBXNativeTarget section */

/* Begin PBXProject section */
		81707BA31D58A42C00386ECC /* Project object */ = {
			isa = PBXProject;
			attributes = {
				LastUpgradeCheck = 0730;
				ORGANIZATIONNAME = WOSHIPM;
				TargetAttributes = {
					81707BAA1D58A42C00386ECC = {
						CreatedOnToolsVersion = 7.3;
					};
					81707BC31D58A42C00386ECC = {
						CreatedOnToolsVersion = 7.3;
						TestTargetID = 81707BAA1D58A42C00386ECC;
					};
					81707BCE1D58A42C00386ECC = {
						CreatedOnToolsVersion = 7.3;
						TestTargetID = 81707BAA1D58A42C00386ECC;
					};
				};
			};
			buildConfigurationList = 81707BA61D58A42C00386ECC /* Build configuration list for PBXProject "启动屏加启动广告页" */;
			compatibilityVersion = "Xcode 3.2";
			developmentRegion = English;
			hasScannedForEncodings = 0;
			knownRegions = (
				en,
				Base,
			);
			mainGroup = 81707BA21D58A42C00386ECC;
			productRefGroup = 81707BAC1D58A42C00386ECC /* Products */;
			projectDirPath = "";
			projectRoot = "";
			targets = (
				81707BAA1D58A42C00386ECC /* 启动屏加启动广告页 */,
				81707BC31D58A42C00386ECC /* 启动屏加启动广告页Tests */,
				81707BCE1D58A42C00386ECC /* 启动屏加启动广告页UITests */,
			);
		};
/* End PBXProject section */

/* Begin PBXResourcesBuildPhase section */
		81707BA91D58A42C00386ECC /* Resources */ = {
			isa = PBXResourcesBuildPhase;
			buildActionMask = 2147483647;
			files = (
				81707BBE1D58A42C00386ECC /* LaunchScreen.storyboard in Resources */,
				81707BEB1D58A73200386ECC /* Images.xcassets in Resources */,
				81707BF01D58A83E00386ECC /* LaunchImage-568h@2x.png in Resources */,
				81707BF11D58A83E00386ECC /* LaunchImage-700@2x.png in Resources */,
				81707BF31D58A83E00386ECC /* LaunchImage-800-Portrait-736h@3x.png in Resources */,
				81707BBB1D58A42C00386ECC /* Assets.xcassets in Resources */,
				81707BF21D58A83E00386ECC /* LaunchImage-800-667h@2x.png in Resources */,
				81707BB91D58A42C00386ECC /* Main.storyboard in Resources */,
			);
			runOnlyForDeploymentPostprocessing = 0;
		};
		81707BC21D58A42C00386ECC /* Resources */ = {
			isa = PBXResourcesBuildPhase;
			buildActionMask = 2147483647;
			files = (
			);
			runOnlyForDeploymentPostprocessing = 0;
		};
		81707BCD1D58A42C00386ECC /* Resources */ = {
			isa = PBXResourcesBuildPhase;
			buildActionMask = 2147483647;
			files = (
			);
			runOnlyForDeploymentPostprocessing = 0;
		};
/* End PBXResourcesBuildPhase section */

/* Begin PBXSourcesBuildPhase section */
		81707BA71D58A42C00386ECC /* Sources */ = {
			isa = PBXSourcesBuildPhase;
			buildActionMask = 2147483647;
			files = (
				813AA8531D59720B00A66049 /* SecondViewController.m in Sources */,
				81208C0D1D74345E00C4DF2B /* ADDetailViewController.m in Sources */,
				813AA8561D59721D00A66049 /* ThirdViewController.m in Sources */,
				813AA85C1D59801800A66049 /* SplashScreenView.m in Sources */,
				81208C101D744F7800C4DF2B /* SplashScreenDataManager.m in Sources */,
				81707BB31D58A42C00386ECC /* AppDelegate.m in Sources */,
				81707BB01D58A42C00386ECC /* main.m in Sources */,
				813AA8501D5971F700A66049 /* HomeViewController.m in Sources */,
			);
			runOnlyForDeploymentPostprocessing = 0;
		};
		81707BC01D58A42C00386ECC /* Sources */ = {
			isa = PBXSourcesBuildPhase;
			buildActionMask = 2147483647;
			files = (
				81707BC91D58A42C00386ECC /* _________Tests.m in Sources */,
			);
			runOnlyForDeploymentPostprocessing = 0;
		};
		81707BCB1D58A42C00386ECC /* Sources */ = {
			isa = PBXSourcesBuildPhase;
			buildActionMask = 2147483647;
			files = (
				81707BD41D58A42C00386ECC /* _________UITests.m in Sources */,
			);
			runOnlyForDeploymentPostprocessing = 0;
		};
/* End PBXSourcesBuildPhase section */

/* Begin PBXTargetDependency section */
		81707BC61D58A42C00386ECC /* PBXTargetDependency */ = {
			isa = PBXTargetDependency;
			target = 81707BAA1D58A42C00386ECC /* 启动屏加启动广告页 */;
			targetProxy = 81707BC51D58A42C00386ECC /* PBXContainerItemProxy */;
		};
		81707BD11D58A42C00386ECC /* PBXTargetDependency */ = {
			isa = PBXTargetDependency;
			target = 81707BAA1D58A42C00386ECC /* 启动屏加启动广告页 */;
			targetProxy = 81707BD01D58A42C00386ECC /* PBXContainerItemProxy */;
		};
/* End PBXTargetDependency section */

/* Begin PBXVariantGroup section */
		81707BB71D58A42C00386ECC /* Main.storyboard */ = {
			isa = PBXVariantGroup;
			children = (
				81707BB81D58A42C00386ECC /* Base */,
			);
			name = Main.storyboard;
			sourceTree = "<group>";
		};
		81707BBC1D58A42C00386ECC /* LaunchScreen.storyboard */ = {
			isa = PBXVariantGroup;
			children = (
				81707BBD1D58A42C00386ECC /* Base */,
			);
			name = LaunchScreen.storyboard;
			sourceTree = "<group>";
		};
/* End PBXVariantGroup section */

/* Begin XCBuildConfiguration section */
		81707BD61D58A42C00386ECC /* Debug */ = {
			isa = XCBuildConfiguration;
			buildSettings = {
				ALWAYS_SEARCH_USER_PATHS = NO;
				CLANG_ANALYZER_NONNULL = YES;
				CLANG_CXX_LANGUAGE_STANDARD = "gnu++0x";
				CLANG_CXX_LIBRARY = "libc++";
				CLANG_ENABLE_MODULES = YES;
				CLANG_ENABLE_OBJC_ARC = YES;
				CLANG_WARN_BOOL_CONVERSION = YES;
				CLANG_WARN_CONSTANT_CONVERSION = YES;
				CLANG_WARN_DIRECT_OBJC_ISA_USAGE = YES_ERROR;
				CLANG_WARN_EMPTY_BODY = YES;
				CLANG_WARN_ENUM_CONVERSION = YES;
				CLANG_WARN_INT_CONVERSION = YES;
				CLANG_WARN_OBJC_ROOT_CLASS = YES_ERROR;
				CLANG_WARN_UNREACHABLE_CODE = YES;
				CLANG_WARN__DUPLICATE_METHOD_MATCH = YES;
				"CODE_SIGN_IDENTITY[sdk=iphoneos*]" = "iPhone Developer";
				COPY_PHASE_STRIP = NO;
				DEBUG_INFORMATION_FORMAT = dwarf;
				ENABLE_STRICT_OBJC_MSGSEND = YES;
				ENABLE_TESTABILITY = YES;
				GCC_C_LANGUAGE_STANDARD = gnu99;
				GCC_DYNAMIC_NO_PIC = NO;
				GCC_NO_COMMON_BLOCKS = YES;
				GCC_OPTIMIZATION_LEVEL = 0;
				GCC_PREPROCESSOR_DEFINITIONS = (
					"DEBUG=1",
					"$(inherited)",
				);
				GCC_WARN_64_TO_32_BIT_CONVERSION = YES;
				GCC_WARN_ABOUT_RETURN_TYPE = YES_ERROR;
				GCC_WARN_UNDECLARED_SELECTOR = YES;
				GCC_WARN_UNINITIALIZED_AUTOS = YES_AGGRESSIVE;
				GCC_WARN_UNUSED_FUNCTION = YES;
				GCC_WARN_UNUSED_VARIABLE = YES;
				IPHONEOS_DEPLOYMENT_TARGET = 9.3;
				MTL_ENABLE_DEBUG_INFO = YES;
				ONLY_ACTIVE_ARCH = YES;
				SDKROOT = iphoneos;
				TARGETED_DEVICE_FAMILY = "1,2";
			};
			name = Debug;
		};
		81707BD71D58A42C00386ECC /* Release */ = {
			isa = XCBuildConfiguration;
			buildSettings = {
				ALWAYS_SEARCH_USER_PATHS = NO;
				CLANG_ANALYZER_NONNULL = YES;
				CLANG_CXX_LANGUAGE_STANDARD = "gnu++0x";
				CLANG_CXX_LIBRARY = "libc++";
				CLANG_ENABLE_MODULES = YES;
				CLANG_ENABLE_OBJC_ARC = YES;
				CLANG_WARN_BOOL_CONVERSION = YES;
				CLANG_WARN_CONSTANT_CONVERSION = YES;
				CLANG_WARN_DIRECT_OBJC_ISA_USAGE = YES_ERROR;
				CLANG_WARN_EMPTY_BODY = YES;
				CLANG_WARN_ENUM_CONVERSION = YES;
				CLANG_WARN_INT_CONVERSION = YES;
				CLANG_WARN_OBJC_ROOT_CLASS = YES_ERROR;
				CLANG_WARN_UNREACHABLE_CODE = YES;
				CLANG_WARN__DUPLICATE_METHOD_MATCH = YES;
				"CODE_SIGN_IDENTITY[sdk=iphoneos*]" = "iPhone Developer";
				COPY_PHASE_STRIP = NO;
				DEBUG_INFORMATION_FORMAT = "dwarf-with-dsym";
				ENABLE_NS_ASSERTIONS = NO;
				ENABLE_STRICT_OBJC_MSGSEND = YES;
				GCC_C_LANGUAGE_STANDARD = gnu99;
				GCC_NO_COMMON_BLOCKS = YES;
				GCC_WARN_64_TO_32_BIT_CONVERSION = YES;
				GCC_WARN_ABOUT_RETURN_TYPE = YES_ERROR;
				GCC_WARN_UNDECLARED_SELECTOR = YES;
				GCC_WARN_UNINITIALIZED_AUTOS = YES_AGGRESSIVE;
				GCC_WARN_UNUSED_FUNCTION = YES;
				GCC_WARN_UNUSED_VARIABLE = YES;
				IPHONEOS_DEPLOYMENT_TARGET = 9.3;
				MTL_ENABLE_DEBUG_INFO = NO;
				SDKROOT = iphoneos;
				TARGETED_DEVICE_FAMILY = "1,2";
				VALIDATE_PRODUCT = YES;
			};
			name = Release;
		};
		81707BD91D58A42C00386ECC /* Debug */ = {
			isa = XCBuildConfiguration;
			buildSettings = {
				ASSETCATALOG_COMPILER_APPICON_NAME = AppIcon;
				ASSETCATALOG_COMPILER_LAUNCHIMAGE_NAME = LaunchImage;
				INFOPLIST_FILE = "启动屏加启动广告页/Info.plist";
				LD_RUNPATH_SEARCH_PATHS = "$(inherited) @executable_path/Frameworks";
				PRODUCT_BUNDLE_IDENTIFIER = "WOSHIPM.---------";
				PRODUCT_NAME = "$(TARGET_NAME)";
			};
			name = Debug;
		};
		81707BDA1D58A42C00386ECC /* Release */ = {
			isa = XCBuildConfiguration;
			buildSettings = {
				ASSETCATALOG_COMPILER_APPICON_NAME = AppIcon;
				ASSETCATALOG_COMPILER_LAUNCHIMAGE_NAME = LaunchImage;
				INFOPLIST_FILE = "启动屏加启动广告页/Info.plist";
				LD_RUNPATH_SEARCH_PATHS = "$(inherited) @executable_path/Frameworks";
				PRODUCT_BUNDLE_IDENTIFIER = "WOSHIPM.---------";
				PRODUCT_NAME = "$(TARGET_NAME)";
			};
			name = Release;
		};
		81707BDC1D58A42C00386ECC /* Debug */ = {
			isa = XCBuildConfiguration;
			buildSettings = {
				BUNDLE_LOADER = "$(TEST_HOST)";
				INFOPLIST_FILE = "启动屏加启动广告页Tests/Info.plist";
				LD_RUNPATH_SEARCH_PATHS = "$(inherited) @executable_path/Frameworks @loader_path/Frameworks";
				PRODUCT_BUNDLE_IDENTIFIER = "WOSHIPM.---------Tests";
				PRODUCT_NAME = "$(TARGET_NAME)";
				TEST_HOST = "$(BUILT_PRODUCTS_DIR)/启动屏加启动广告页.app/启动屏加启动广告页";
			};
			name = Debug;
		};
		81707BDD1D58A42C00386ECC /* Release */ = {
			isa = XCBuildConfiguration;
			buildSettings = {
				BUNDLE_LOADER = "$(TEST_HOST)";
				INFOPLIST_FILE = "启动屏加启动广告页Tests/Info.plist";
				LD_RUNPATH_SEARCH_PATHS = "$(inherited) @executable_path/Frameworks @loader_path/Frameworks";
				PRODUCT_BUNDLE_IDENTIFIER = "WOSHIPM.---------Tests";
				PRODUCT_NAME = "$(TARGET_NAME)";
				TEST_HOST = "$(BUILT_PRODUCTS_DIR)/启动屏加启动广告页.app/启动屏加启动广告页";
			};
			name = Release;
		};
		81707BDF1D58A42C00386ECC /* Debug */ = {
			isa = XCBuildConfiguration;
			buildSettings = {
				INFOPLIST_FILE = "启动屏加启动广告页UITests/Info.plist";
				LD_RUNPATH_SEARCH_PATHS = "$(inherited) @executable_path/Frameworks @loader_path/Frameworks";
				PRODUCT_BUNDLE_IDENTIFIER = "WOSHIPM.---------UITests";
				PRODUCT_NAME = "$(TARGET_NAME)";
				TEST_TARGET_NAME = "启动屏加启动广告页";
			};
			name = Debug;
		};
		81707BE01D58A42C00386ECC /* Release */ = {
			isa = XCBuildConfiguration;
			buildSettings = {
				INFOPLIST_FILE = "启动屏加启动广告页UITests/Info.plist";
				LD_RUNPATH_SEARCH_PATHS = "$(inherited) @executable_path/Frameworks @loader_path/Frameworks";
				PRODUCT_BUNDLE_IDENTIFIER = "WOSHIPM.---------UITests";
				PRODUCT_NAME = "$(TARGET_NAME)";
				TEST_TARGET_NAME = "启动屏加启动广告页";
			};
			name = Release;
		};
/* End XCBuildConfiguration section */

/* Begin XCConfigurationList section */
		81707BA61D58A42C00386ECC /* Build configuration list for PBXProject "启动屏加启动广告页" */ = {
			isa = XCConfigurationList;
			buildConfigurations = (
				81707BD61D58A42C00386ECC /* Debug */,
				81707BD71D58A42C00386ECC /* Release */,
			);
			defaultConfigurationIsVisible = 0;
			defaultConfigurationName = Release;
		};
		81707BD81D58A42C00386ECC /* Build configuration list for PBXNativeTarget "启动屏加启动广告页" */ = {
			isa = XCConfigurationList;
			buildConfigurations = (
				81707BD91D58A42C00386ECC /* Debug */,
				81707BDA1D58A42C00386ECC /* Release */,
			);
			defaultConfigurationIsVisible = 0;
			defaultConfigurationName = Release;
		};
		81707BDB1D58A42C00386ECC /* Build configuration list for PBXNativeTarget "启动屏加启动广告页Tests" */ = {
			isa = XCConfigurationList;
			buildConfigurations = (
				81707BDC1D58A42C00386ECC /* Debug */,
				81707BDD1D58A42C00386ECC /* Release */,
			);
			defaultConfigurationIsVisible = 0;
			defaultConfigurationName = Release;
		};
		81707BDE1D58A42C00386ECC /* Build configuration list for PBXNativeTarget "启动屏加启动广告页UITests" */ = {
			isa = XCConfigurationList;
			buildConfigurations = (
				81707BDF1D58A42C00386ECC /* Debug */,
				81707BE01D58A42C00386ECC /* Release */,
			);
			defaultConfigurationIsVisible = 0;
			defaultConfigurationName = Release;
		};
/* End XCConfigurationList section */
	};
	rootObject = 81707BA31D58A42C00386ECC /* Project object */;
}
